// !$*UTF8*$!
{
	archiveVersion = 1;
	classes = {
	};
	objectVersion = 56;
	objects = {

/* Begin PBXBuildFile section */
		8D7FC72A29B9E4E00057E8C1 /* AppDelegate.swift in Sources */ = {isa = PBXBuildFile; fileRef = 8D7FC72929B9E4E00057E8C1 /* AppDelegate.swift */; };
		8D7FC72C29B9E4E00057E8C1 /* SceneDelegate.swift in Sources */ = {isa = PBXBuildFile; fileRef = 8D7FC72B29B9E4E00057E8C1 /* SceneDelegate.swift */; };
		8D7FC72E29B9E4E00057E8C1 /* ViewController.swift in Sources */ = {isa = PBXBuildFile; fileRef = 8D7FC72D29B9E4E00057E8C1 /* ViewController.swift */; };
		8D7FC73129B9E4E00057E8C1 /* Main.storyboard in Resources */ = {isa = PBXBuildFile; fileRef = 8D7FC72F29B9E4E00057E8C1 /* Main.storyboard */; };
		8D7FC73329B9E4E30057E8C1 /* Assets.xcassets in Resources */ = {isa = PBXBuildFile; fileRef = 8D7FC73229B9E4E30057E8C1 /* Assets.xcassets */; };
		8D7FC73629B9E4E30057E8C1 /* LaunchScreen.storyboard in Resources */ = {isa = PBXBuildFile; fileRef = 8D7FC73429B9E4E30057E8C1 /* LaunchScreen.storyboard */; };
		8D7FC73E29B9E6D10057E8C1 /* SeconsViewController.swift in Sources */ = {isa = PBXBuildFile; fileRef = 8D7FC73D29B9E6D10057E8C1 /* SeconsViewController.swift */; };
		8D7FC74129B9E9270057E8C1 /* Second.storyboard in Resources */ = {isa = PBXBuildFile; fileRef = 8D7FC74029B9E9270057E8C1 /* Second.storyboard */; };
		8D7FC74629B9FB9C0057E8C1 /* ThirdViewController.swift in Sources */ = {isa = PBXBuildFile; fileRef = 8D7FC74529B9FB9C0057E8C1 /* ThirdViewController.swift */; };
/* End PBXBuildFile section */

/* Begin PBXFileReference section */
		8D7FC72629B9E4E00057E8C1 /* uxxaki_1.app */ = {isa = PBXFileReference; explicitFileType = wrapper.application; includeInIndex = 0; path = uxxaki_1.app; sourceTree = BUILT_PRODUCTS_DIR; };
		8D7FC72929B9E4E00057E8C1 /* AppDelegate.swift */ = {isa = PBXFileReference; lastKnownFileType = sourcecode.swift; path = AppDelegate.swift; sourceTree = "<group>"; };
		8D7FC72B29B9E4E00057E8C1 /* SceneDelegate.swift */ = {isa = PBXFileReference; lastKnownFileType = sourcecode.swift; path = SceneDelegate.swift; sourceTree = "<group>"; };
		8D7FC72D29B9E4E00057E8C1 /* ViewController.swift */ = {isa = PBXFileReference; lastKnownFileType = sourcecode.swift; path = ViewController.swift; sourceTree = "<group>"; };
		8D7FC73029B9E4E00057E8C1 /* Base */ = {isa = PBXFileReference; lastKnownFileType = file.storyboard; name = Base; path = Base.lproj/Main.storyboard; sourceTree = "<group>"; };
		8D7FC73229B9E4E30057E8C1 /* Assets.xcassets */ = {isa = PBXFileReference; lastKnownFileType = folder.assetcatalog; path = Assets.xcassets; sourceTree = "<group>"; };
		8D7FC73529B9E4E30057E8C1 /* Base */ = {isa = PBXFileReference; lastKnownFileType = file.storyboard; name = Base; path = Base.lproj/LaunchScreen.storyboard; sourceTree = "<group>"; };
		8D7FC73729B9E4E30057E8C1 /* Info.plist */ = {isa = PBXFileReference; lastKnownFileType = text.plist.xml; path = Info.plist; sourceTree = "<group>"; };
		8D7FC73D29B9E6D10057E8C1 /* SeconsViewController.swift */ = {isa = PBXFileReference; lastKnownFileType = sourcecode.swift; path = SeconsViewController.swift; sourceTree = "<group>"; };
		8D7FC74029B9E9270057E8C1 /* Second.storyboard */ = {isa = PBXFileReference; lastKnownFileType = file.storyboard; path = Second.storyboard; sourceTree = "<group>"; };
		8D7FC74529B9FB9C0057E8C1 /* ThirdViewController.swift */ = {isa = PBXFileReference; lastKnownFileType = sourcecode.swift; path = ThirdViewController.swift; sourceTree = "<group>"; };
/* End PBXFileReference section */

/* Begin PBXFrameworksBuildPhase section */
		8D7FC72329B9E4E00057E8C1 /* Frameworks */ = {
			isa = PBXFrameworksBuildPhase;
			buildActionMask = 2147483647;
			files = (
			);
			runOnlyForDeploymentPostprocessing = 0;
		};
/* End PBXFrameworksBuildPhase section */

/* Begin PBXGroup section */
		8D7FC71D29B9E4E00057E8C1 = {
			isa = PBXGroup;
			children = (
				8D7FC72829B9E4E00057E8C1 /* uxxaki_1 */,
				8D7FC72729B9E4E00057E8C1 /* Products */,
			);
			sourceTree = "<group>";
		};
		8D7FC72729B9E4E00057E8C1 /* Products */ = {
			isa = PBXGroup;
			children = (
				8D7FC72629B9E4E00057E8C1 /* uxxaki_1.app */,
			);
			name = Products;
			sourceTree = "<group>";
		};
		8D7FC72829B9E4E00057E8C1 /* uxxaki_1 */ = {
			isa = PBXGroup;
			children = (
				8D7FC73F29B9E76D0057E8C1 /* Second */,
				8D7FC74229B9EA340057E8C1 /* firstViewController */,
				8D7FC74529B9FB9C0057E8C1 /* ThirdViewController.swift */,
				8D7FC72929B9E4E00057E8C1 /* AppDelegate.swift */,
				8D7FC72B29B9E4E00057E8C1 /* SceneDelegate.swift */,
				8D7FC73229B9E4E30057E8C1 /* Assets.xcassets */,
				8D7FC73429B9E4E30057E8C1 /* LaunchScreen.storyboard */,
				8D7FC73729B9E4E30057E8C1 /* Info.plist */,
			);
			path = uxxaki_1;
			sourceTree = "<group>";
		};
		8D7FC73F29B9E76D0057E8C1 /* Second */ = {
			isa = PBXGroup;
			children = (
				8D7FC73D29B9E6D10057E8C1 /* SeconsViewController.swift */,
				8D7FC74029B9E9270057E8C1 /* Second.storyboard */,
			);
			path = Second;
			sourceTree = "<group>";
		};
		8D7FC74229B9EA340057E8C1 /* firstViewController */ = {
			isa = PBXGroup;
			children = (
				8D7FC72D29B9E4E00057E8C1 /* ViewController.swift */,
				8D7FC72F29B9E4E00057E8C1 /* Main.storyboard */,
			);
			path = firstViewController;
			sourceTree = "<group>";
		};
/* End PBXGroup section */

/* Begin PBXNativeTarget section */
		8D7FC72529B9E4E00057E8C1 /* uxxaki_1 */ = {
			isa = PBXNativeTarget;
			buildConfigurationList = 8D7FC73A29B9E4E30057E8C1 /* Build configuration list for PBXNativeTarget "uxxaki_1" */;
			buildPhases = (
				8D7FC72229B9E4E00057E8C1 /* Sources */,
				8D7FC72329B9E4E00057E8C1 /* Frameworks */,
				8D7FC72429B9E4E00057E8C1 /* Resources */,
			);
			buildRules = (
			);
			dependencies = (
			);
			name = uxxaki_1;
			productName = uxxaki_1;
			productReference = 8D7FC72629B9E4E00057E8C1 /* uxxaki_1.app */;
			productType = "com.apple.product-type.application";
		};
/* End PBXNativeTarget section */

/* Begin PBXProject section */
		8D7FC71E29B9E4E00057E8C1 /* Project object */ = {
			isa = PBXProject;
			attributes = {
				BuildIndependentTargetsInParallel = 1;
				LastSwiftUpdateCheck = 1420;
				LastUpgradeCheck = 1420;
				TargetAttributes = {
					8D7FC72529B9E4E00057E8C1 = {
						CreatedOnToolsVersion = 14.2;
					};
				};
			};
			buildConfigurationList = 8D7FC72129B9E4E00057E8C1 /* Build configuration list for PBXProject "uxxaki_1" */;
			compatibilityVersion = "Xcode 14.0";
			developmentRegion = en;
			hasScannedForEncodings = 0;
			knownRegions = (
				en,
				Base,
			);
			mainGroup = 8D7FC71D29B9E4E00057E8C1;
			productRefGroup = 8D7FC72729B9E4E00057E8C1 /* Products */;
			projectDirPath = "";
			projectRoot = "";
			targets = (
				8D7FC72529B9E4E00057E8C1 /* uxxaki_1 */,
			);
		};
/* End PBXProject section */

/* Begin PBXResourcesBuildPhase section */
		8D7FC72429B9E4E00057E8C1 /* Resources */ = {
			isa = PBXResourcesBuildPhase;
			buildActionMask = 2147483647;
			files = (
				8D7FC74129B9E9270057E8C1 /* Second.storyboard in Resources */,
				8D7FC73629B9E4E30057E8C1 /* LaunchScreen.storyboard in Resources */,
				8D7FC73329B9E4E30057E8C1 /* Assets.xcassets in Resources */,
				8D7FC73129B9E4E00057E8C1 /* Main.storyboard in Resources */,
			);
			runOnlyForDeploymentPostprocessing = 0;
		};
/* End PBXResourcesBuildPhase section */

/* Begin PBXSourcesBuildPhase section */
		8D7FC72229B9E4E00057E8C1 /* Sources */ = {
			isa = PBXSourcesBuildPhase;
			buildActionMask = 2147483647;
			files = (
				8D7FC72E29B9E4E00057E8C1 /* ViewController.swift in Sources */,
				8D7FC72A29B9E4E00057E8C1 /* AppDelegate.swift in Sources */,
				8D7FC74629B9FB9C0057E8C1 /* ThirdViewController.swift in Sources */,
				8D7FC72C29B9E4E00057E8C1 /* SceneDelegate.swift in Sources */,
				8D7FC73E29B9E6D10057E8C1 /* SeconsViewController.swift in Sources */,
			);
			runOnlyForDeploymentPostprocessing = 0;
		};
/* End PBXSourcesBuildPhase section */

/* Begin PBXVariantGroup section */
		8D7FC72F29B9E4E00057E8C1 /* Main.storyboard */ = {
			isa = PBXVariantGroup;
			children = (
				8D7FC73029B9E4E00057E8C1 /* Base */,
			);
			name = Main.storyboard;
			sourceTree = "<group>";
		};
		8D7FC73429B9E4E30057E8C1 /* LaunchScreen.storyboard */ = {
			isa = PBXVariantGroup;
			children = (
				8D7FC73529B9E4E30057E8C1 /* Base */,
			);
			name = LaunchScreen.storyboard;
			sourceTree = "<group>";
		};
/* End PBXVariantGroup section */

/* Begin XCBuildConfiguration section */
		8D7FC73829B9E4E30057E8C1 /* Debug */ = {
			isa = XCBuildConfiguration;
			buildSettings = {
				ALWAYS_SEARCH_USER_PATHS = NO;
				CLANG_ANALYZER_NONNULL = YES;
				CLANG_ANALYZER_NUMBER_OBJECT_CONVERSION = YES_AGGRESSIVE;
				CLANG_CXX_LANGUAGE_STANDARD = "gnu++20";
				CLANG_ENABLE_MODULES = YES;
				CLANG_ENABLE_OBJC_ARC = YES;
				CLANG_ENABLE_OBJC_WEAK = YES;
				CLANG_WARN_BLOCK_CAPTURE_AUTORELEASING = YES;
				CLANG_WARN_BOOL_CONVERSION = YES;
				CLANG_WARN_COMMA = YES;
				CLANG_WARN_CONSTANT_CONVERSION = YES;
				CLANG_WARN_DEPRECATED_OBJC_IMPLEMENTATIONS = YES;
				CLANG_WARN_DIRECT_OBJC_ISA_USAGE = YES_ERROR;
				CLANG_WARN_DOCUMENTATION_COMMENTS = YES;
				CLANG_WARN_EMPTY_BODY = YES;
				CLANG_WARN_ENUM_CONVERSION = YES;
				CLANG_WARN_INFINITE_RECURSION = YES;
				CLANG_WARN_INT_CONVERSION = YES;
				CLANG_WARN_NON_LITERAL_NULL_CONVERSION = YES;
				CLANG_WARN_OBJC_IMPLICIT_RETAIN_SELF = YES;
				CLANG_WARN_OBJC_LITERAL_CONVERSION = YES;
				CLANG_WARN_OBJC_ROOT_CLASS = YES_ERROR;
				CLANG_WARN_QUOTED_INCLUDE_IN_FRAMEWORK_HEADER = YES;
				CLANG_WARN_RANGE_LOOP_ANALYSIS = YES;
				CLANG_WARN_STRICT_PROTOTYPES = YES;
				CLANG_WARN_SUSPICIOUS_MOVE = YES;
				CLANG_WARN_UNGUARDED_AVAILABILITY = YES_AGGRESSIVE;
				CLANG_WARN_UNREACHABLE_CODE = YES;
				CLANG_WARN__DUPLICATE_METHOD_MATCH = YES;
				COPY_PHASE_STRIP = NO;
				DEBUG_INFORMATION_FORMAT = dwarf;
				ENABLE_STRICT_OBJC_MSGSEND = YES;
				ENABLE_TESTABILITY = YES;
				GCC_C_LANGUAGE_STANDARD = gnu11;
				GCC_DYNAMIC_NO_PIC = NO;
				GCC_NO_COMMON_BLOCKS = YES;
				GCC_OPTIMIZATION_LEVEL = 0;
				GCC_PREPROCESSOR_DEFINITIONS = (
					"DEBUG=1",
					"$(inherited)",
				);
				GCC_WARN_64_TO_32_BIT_CONVERSION = YES;
				GCC_WARN_ABOUT_RETURN_TYPE = YES_ERROR;
				GCC_WARN_UNDECLARED_SELECTOR = YES;
				GCC_WARN_UNINITIALIZED_AUTOS = YES_AGGRESSIVE;
				GCC_WARN_UNUSED_FUNCTION = YES;
				GCC_WARN_UNUSED_VARIABLE = YES;
				IPHONEOS_DEPLOYMENT_TARGET = 16.2;
				MTL_ENABLE_DEBUG_INFO = INCLUDE_SOURCE;
				MTL_FAST_MATH = YES;
				ONLY_ACTIVE_ARCH = YES;
				SDKROOT = iphoneos;
				SWIFT_ACTIVE_COMPILATION_CONDITIONS = DEBUG;
				SWIFT_OPTIMIZATION_LEVEL = "-Onone";
			};
			name = Debug;
		};
		8D7FC73929B9E4E30057E8C1 /* Release */ = {
			isa = XCBuildConfiguration;
			buildSettings = {
				ALWAYS_SEARCH_USER_PATHS = NO;
				CLANG_ANALYZER_NONNULL = YES;
				CLANG_ANALYZER_NUMBER_OBJECT_CONVERSION = YES_AGGRESSIVE;
				CLANG_CXX_LANGUAGE_STANDARD = "gnu++20";
				CLANG_ENABLE_MODULES = YES;
				CLANG_ENABLE_OBJC_ARC = YES;
				CLANG_ENABLE_OBJC_WEAK = YES;
				CLANG_WARN_BLOCK_CAPTURE_AUTORELEASING = YES;
				CLANG_WARN_BOOL_CONVERSION = YES;
				CLANG_WARN_COMMA = YES;
				CLANG_WARN_CONSTANT_CONVERSION = YES;
				CLANG_WARN_DEPRECATED_OBJC_IMPLEMENTATIONS = YES;
				CLANG_WARN_DIRECT_OBJC_ISA_USAGE = YES_ERROR;
				CLANG_WARN_DOCUMENTATION_COMMENTS = YES;
				CLANG_WARN_EMPTY_BODY = YES;
				CLANG_WARN_ENUM_CONVERSION = YES;
				CLANG_WARN_INFINITE_RECURSION = YES;
				CLANG_WARN_INT_CONVERSION = YES;
				CLANG_WARN_NON_LITERAL_NULL_CONVERSION = YES;
				CLANG_WARN_OBJC_IMPLICIT_RETAIN_SELF = YES;
				CLANG_WARN_OBJC_LITERAL_CONVERSION = YES;
				CLANG_WARN_OBJC_ROOT_CLASS = YES_ERROR;
				CLANG_WARN_QUOTED_INCLUDE_IN_FRAMEWORK_HEADER = YES;
				CLANG_WARN_RANGE_LOOP_ANALYSIS = YES;
				CLANG_WARN_STRICT_PROTOTYPES = YES;
				CLANG_WARN_SUSPICIOUS_MOVE = YES;
				CLANG_WARN_UNGUARDED_AVAILABILITY = YES_AGGRESSIVE;
				CLANG_WARN_UNREACHABLE_CODE = YES;
				CLANG_WARN__DUPLICATE_METHOD_MATCH = YES;
				COPY_PHASE_STRIP = NO;
				DEBUG_INFORMATION_FORMAT = "dwarf-with-dsym";
				ENABLE_NS_ASSERTIONS = NO;
				ENABLE_STRICT_OBJC_MSGSEND = YES;
				GCC_C_LANGUAGE_STANDARD = gnu11;
				GCC_NO_COMMON_BLOCKS = YES;
				GCC_WARN_64_TO_32_BIT_CONVERSION = YES;
				GCC_WARN_ABOUT_RETURN_TYPE = YES_ERROR;
				GCC_WARN_UNDECLARED_SELECTOR = YES;
				GCC_WARN_UNINITIALIZED_AUTOS = YES_AGGRESSIVE;
				GCC_WARN_UNUSED_FUNCTION = YES;
				GCC_WARN_UNUSED_VARIABLE = YES;
				IPHONEOS_DEPLOYMENT_TARGET = 16.2;
				MTL_ENABLE_DEBUG_INFO = NO;
				MTL_FAST_MATH = YES;
				SDKROOT = iphoneos;
				SWIFT_COMPILATION_MODE = wholemodule;
				SWIFT_OPTIMIZATION_LEVEL = "-O";
				VALIDATE_PRODUCT = YES;
			};
			name = Release;
		};
		8D7FC73B29B9E4E30057E8C1 /* Debug */ = {
			isa = XCBuildConfiguration;
			buildSettings = {
				ASSETCATALOG_COMPILER_APPICON_NAME = AppIcon;
				ASSETCATALOG_COMPILER_GLOBAL_ACCENT_COLOR_NAME = AccentColor;
				CODE_SIGN_STYLE = Automatic;
				CURRENT_PROJECT_VERSION = 1;
				DEVELOPMENT_TEAM = 67SPM59V87;
				GENERATE_INFOPLIST_FILE = YES;
				INFOPLIST_FILE = uxxaki_1/Info.plist;
				INFOPLIST_KEY_UIApplicationSupportsIndirectInputEvents = YES;
				INFOPLIST_KEY_UILaunchStoryboardName = LaunchScreen;
				INFOPLIST_KEY_UIMainStoryboardFile = Main;
				INFOPLIST_KEY_UISupportedInterfaceOrientations_iPad = "UIInterfaceOrientationPortrait UIInterfaceOrientationPortraitUpsideDown UIInterfaceOrientationLandscapeLeft UIInterfaceOrientationLandscapeRight";
				INFOPLIST_KEY_UISupportedInterfaceOrientations_iPhone = "UIInterfaceOrientationPortrait UIInterfaceOrientationLandscapeLeft UIInterfaceOrientationLandscapeRight";
				LD_RUNPATH_SEARCH_PATHS = (
					"$(inherited)",
					"@executable_path/Frameworks",
				);
				MARKETING_VERSION = 1.0;
				PRODUCT_BUNDLE_IDENTIFIER = "am.kirakosyan.uxxaki-1";
				PRODUCT_NAME = "$(TARGET_NAME)";
				SWIFT_EMIT_LOC_STRINGS = YES;
				SWIFT_VERSION = 5.0;
				TARGETED_DEVICE_FAMILY = "1,2";
			};
			name = Debug;
		};
		8D7FC73C29B9E4E30057E8C1 /* Release */ = {
			isa = XCBuildConfiguration;
			buildSettings = {
				ASSETCATALOG_COMPILER_APPICON_NAME = AppIcon;
				ASSETCATALOG_COMPILER_GLOBAL_ACCENT_COLOR_NAME = AccentColor;
				CODE_SIGN_STYLE = Automatic;
				CURRENT_PROJECT_VERSION = 1;
				DEVELOPMENT_TEAM = 67SPM59V87;
				GENERATE_INFOPLIST_FILE = YES;
				INFOPLIST_FILE = uxxaki_1/Info.plist;
				INFOPLIST_KEY_UIApplicationSupportsIndirectInputEvents = YES;
				INFOPLIST_KEY_UILaunchStoryboardName = LaunchScreen;
				INFOPLIST_KEY_UIMainStoryboardFile = Main;
				INFOPLIST_KEY_UISupportedInterfaceOrientations_iPad = "UIInterfaceOrientationPortrait UIInterfaceOrientationPortraitUpsideDown UIInterfaceOrientationLandscapeLeft UIInterfaceOrientationLandscapeRight";
				INFOPLIST_KEY_UISupportedInterfaceOrientations_iPhone = "UIInterfaceOrientationPortrait UIInterfaceOrientationLandscapeLeft UIInterfaceOrientationLandscapeRight";
				LD_RUNPATH_SEARCH_PATHS = (
					"$(inherited)",
					"@executable_path/Frameworks",
				);
				MARKETING_VERSION = 1.0;
				PRODUCT_BUNDLE_IDENTIFIER = "am.kirakosyan.uxxaki-1";
				PRODUCT_NAME = "$(TARGET_NAME)";
				SWIFT_EMIT_LOC_STRINGS = YES;
				SWIFT_VERSION = 5.0;
				TARGETED_DEVICE_FAMILY = "1,2";
			};
			name = Release;
		};
/* End XCBuildConfiguration section */

/* Begin XCConfigurationList section */
		8D7FC72129B9E4E00057E8C1 /* Build configuration list for PBXProject "uxxaki_1" */ = {
			isa = XCConfigurationList;
			buildConfigurations = (
				8D7FC73829B9E4E30057E8C1 /* Debug */,
				8D7FC73929B9E4E30057E8C1 /* Release */,
			);
			defaultConfigurationIsVisible = 0;
			defaultConfigurationName = Release;
		};
		8D7FC73A29B9E4E30057E8C1 /* Build configuration list for PBXNativeTarget "uxxaki_1" */ = {
			isa = XCConfigurationList;
			buildConfigurations = (
				8D7FC73B29B9E4E30057E8C1 /* Debug */,
				8D7FC73C29B9E4E30057E8C1 /* Release */,
			);
			defaultConfigurationIsVisible = 0;
			defaultConfigurationName = Release;
		};
/* End XCConfigurationList section */
	};
	rootObject = 8D7FC71E29B9E4E00057E8C1 /* Project object */;
}
