// !$*UTF8*$!
{
	archiveVersion = 1;
	classes = {
	};
	objectVersion = 56;
	objects = {

/* Begin PBXBuildFile section */
		3C7080F74DF011EBB84FAA86 /* Pods_Project_5.framework in Frameworks */ = {isa = PBXBuildFile; fileRef = BD454E00AA724C74F069675D /* Pods_Project_5.framework */; };
		6C1451AD29A7BBDA006606B1 /* AppDelegate.swift in Sources */ = {isa = PBXBuildFile; fileRef = 6C1451AC29A7BBDA006606B1 /* AppDelegate.swift */; };
		6C1451AF29A7BBDA006606B1 /* SceneDelegate.swift in Sources */ = {isa = PBXBuildFile; fileRef = 6C1451AE29A7BBDA006606B1 /* SceneDelegate.swift */; };
		6C1451B129A7BBDA006606B1 /* ViewController.swift in Sources */ = {isa = PBXBuildFile; fileRef = 6C1451B029A7BBDA006606B1 /* ViewController.swift */; };
		6C1451B429A7BBDA006606B1 /* Project.storyboard in Resources */ = {isa = PBXBuildFile; fileRef = 6C1451B229A7BBDA006606B1 /* Project.storyboard */; };
		6C1451B629A7BBDC006606B1 /* Assets.xcassets in Resources */ = {isa = PBXBuildFile; fileRef = 6C1451B529A7BBDC006606B1 /* Assets.xcassets */; };
		6C1451B929A7BBDC006606B1 /* LaunchScreen.storyboard in Resources */ = {isa = PBXBuildFile; fileRef = 6C1451B729A7BBDC006606B1 /* LaunchScreen.storyboard */; };
/* End PBXBuildFile section */

/* Begin PBXFileReference section */
		6C1451A929A7BBDA006606B1 /* Project_5.app */ = {isa = PBXFileReference; explicitFileType = wrapper.application; includeInIndex = 0; path = Project_5.app; sourceTree = BUILT_PRODUCTS_DIR; };
		6C1451AC29A7BBDA006606B1 /* AppDelegate.swift */ = {isa = PBXFileReference; lastKnownFileType = sourcecode.swift; path = AppDelegate.swift; sourceTree = "<group>"; };
		6C1451AE29A7BBDA006606B1 /* SceneDelegate.swift */ = {isa = PBXFileReference; lastKnownFileType = sourcecode.swift; path = SceneDelegate.swift; sourceTree = "<group>"; };
		6C1451B029A7BBDA006606B1 /* ViewController.swift */ = {isa = PBXFileReference; lastKnownFileType = sourcecode.swift; path = ViewController.swift; sourceTree = "<group>"; };
		6C1451B329A7BBDA006606B1 /* Base */ = {isa = PBXFileReference; lastKnownFileType = file.storyboard; name = Base; path = Base.lproj/Project.storyboard; sourceTree = "<group>"; };
		6C1451B529A7BBDC006606B1 /* Assets.xcassets */ = {isa = PBXFileReference; lastKnownFileType = folder.assetcatalog; path = Assets.xcassets; sourceTree = "<group>"; };
		6C1451B829A7BBDC006606B1 /* Base */ = {isa = PBXFileReference; lastKnownFileType = file.storyboard; name = Base; path = Base.lproj/LaunchScreen.storyboard; sourceTree = "<group>"; };
		6C1451BA29A7BBDC006606B1 /* Info.plist */ = {isa = PBXFileReference; lastKnownFileType = text.plist.xml; path = Info.plist; sourceTree = "<group>"; };
		955DB9CAC481F714DD91A8E7 /* Pods-Project_5.debug.xcconfig */ = {isa = PBXFileReference; includeInIndex = 1; lastKnownFileType = text.xcconfig; name = "Pods-Project_5.debug.xcconfig"; path = "Target Support Files/Pods-Project_5/Pods-Project_5.debug.xcconfig"; sourceTree = "<group>"; };
		BD454E00AA724C74F069675D /* Pods_Project_5.framework */ = {isa = PBXFileReference; explicitFileType = wrapper.framework; includeInIndex = 0; path = Pods_Project_5.framework; sourceTree = BUILT_PRODUCTS_DIR; };
		FB1AB6015BD313D959E1E0D0 /* Pods-Project_5.release.xcconfig */ = {isa = PBXFileReference; includeInIndex = 1; lastKnownFileType = text.xcconfig; name = "Pods-Project_5.release.xcconfig"; path = "Target Support Files/Pods-Project_5/Pods-Project_5.release.xcconfig"; sourceTree = "<group>"; };
/* End PBXFileReference section */

/* Begin PBXFrameworksBuildPhase section */
		6C1451A629A7BBDA006606B1 /* Frameworks */ = {
			isa = PBXFrameworksBuildPhase;
			buildActionMask = 2147483647;
			files = (
				3C7080F74DF011EBB84FAA86 /* Pods_Project_5.framework in Frameworks */,
			);
			runOnlyForDeploymentPostprocessing = 0;
		};
/* End PBXFrameworksBuildPhase section */

/* Begin PBXGroup section */
		6C1451A029A7BBDA006606B1 = {
			isa = PBXGroup;
			children = (
				6C1451AB29A7BBDA006606B1 /* Project_5 */,
				6C1451AA29A7BBDA006606B1 /* Products */,
				C0911FAD3AC907981F6F52B5 /* Pods */,
				D324321CA783F5695B9E8322 /* Frameworks */,
			);
			sourceTree = "<group>";
		};
		6C1451AA29A7BBDA006606B1 /* Products */ = {
			isa = PBXGroup;
			children = (
				6C1451A929A7BBDA006606B1 /* Project_5.app */,
			);
			name = Products;
			sourceTree = "<group>";
		};
		6C1451AB29A7BBDA006606B1 /* Project_5 */ = {
			isa = PBXGroup;
			children = (
				8DB3EEDE29AE007100EDB81E /* Project */,
				8DB3EEDD29ADFC9E00EDB81E /* Resorses */,
				8DB3EEDC29ADFC8100EDB81E /* Delegates */,
			);
			path = Project_5;
			sourceTree = "<group>";
		};
		8DB3EEDC29ADFC8100EDB81E /* Delegates */ = {
			isa = PBXGroup;
			children = (
				6C1451AC29A7BBDA006606B1 /* AppDelegate.swift */,
				6C1451AE29A7BBDA006606B1 /* SceneDelegate.swift */,
			);
			path = Delegates;
			sourceTree = "<group>";
		};
		8DB3EEDD29ADFC9E00EDB81E /* Resorses */ = {
			isa = PBXGroup;
			children = (
				6C1451BA29A7BBDC006606B1 /* Info.plist */,
				6C1451B529A7BBDC006606B1 /* Assets.xcassets */,
				6C1451B729A7BBDC006606B1 /* LaunchScreen.storyboard */,
			);
			path = Resorses;
			sourceTree = "<group>";
		};
		8DB3EEDE29AE007100EDB81E /* Project */ = {
			isa = PBXGroup;
			children = (
				8DB3EEE129AE00F100EDB81E /* Model */,
				8DB3EEE229AE00FF00EDB81E /* View */,
				8DB3EEE329AE011100EDB81E /* ViewModel */,
			);
			path = Project;
			sourceTree = "<group>";
		};
		8DB3EEDF29AE008D00EDB81E /* UI */ = {
			isa = PBXGroup;
			children = (
				6C1451B229A7BBDA006606B1 /* Project.storyboard */,
			);
			path = UI;
			sourceTree = "<group>";
		};
		8DB3EEE029AE009D00EDB81E /* Controllers */ = {
			isa = PBXGroup;
			children = (
				6C1451B029A7BBDA006606B1 /* ViewController.swift */,
			);
			path = Controllers;
			sourceTree = "<group>";
		};
		8DB3EEE129AE00F100EDB81E /* Model */ = {
			isa = PBXGroup;
			children = (
			);
			path = Model;
			sourceTree = "<group>";
		};
		8DB3EEE229AE00FF00EDB81E /* View */ = {
			isa = PBXGroup;
			children = (
				8DB3EEDF29AE008D00EDB81E /* UI */,
				8DB3EEE029AE009D00EDB81E /* Controllers */,
			);
			path = View;
			sourceTree = "<group>";
		};
		8DB3EEE329AE011100EDB81E /* ViewModel */ = {
			isa = PBXGroup;
			children = (
			);
			path = ViewModel;
			sourceTree = "<group>";
		};
		C0911FAD3AC907981F6F52B5 /* Pods */ = {
			isa = PBXGroup;
			children = (
				955DB9CAC481F714DD91A8E7 /* Pods-Project_5.debug.xcconfig */,
				FB1AB6015BD313D959E1E0D0 /* Pods-Project_5.release.xcconfig */,
			);
			name = Pods;
			path = Pods;
			sourceTree = "<group>";
		};
		D324321CA783F5695B9E8322 /* Frameworks */ = {
			isa = PBXGroup;
			children = (
				BD454E00AA724C74F069675D /* Pods_Project_5.framework */,
			);
			name = Frameworks;
			sourceTree = "<group>";
		};
/* End PBXGroup section */

/* Begin PBXNativeTarget section */
		6C1451A829A7BBDA006606B1 /* Project_5 */ = {
			isa = PBXNativeTarget;
			buildConfigurationList = 6C1451BD29A7BBDC006606B1 /* Build configuration list for PBXNativeTarget "Project_5" */;
			buildPhases = (
				070D5356A76027FE4F6C782F /* [CP] Check Pods Manifest.lock */,
				6C1451A529A7BBDA006606B1 /* Sources */,
				6C1451A629A7BBDA006606B1 /* Frameworks */,
				6C1451A729A7BBDA006606B1 /* Resources */,
				4AF76CB371684F36EB6042C8 /* [CP] Embed Pods Frameworks */,
			);
			buildRules = (
			);
			dependencies = (
			);
			name = Project_5;
			productName = Project_5;
			productReference = 6C1451A929A7BBDA006606B1 /* Project_5.app */;
			productType = "com.apple.product-type.application";
		};
/* End PBXNativeTarget section */

/* Begin PBXProject section */
		6C1451A129A7BBDA006606B1 /* Project object */ = {
			isa = PBXProject;
			attributes = {
				BuildIndependentTargetsInParallel = 1;
				LastSwiftUpdateCheck = 1420;
				LastUpgradeCheck = 1420;
				TargetAttributes = {
					6C1451A829A7BBDA006606B1 = {
						CreatedOnToolsVersion = 14.2;
					};
				};
			};
			buildConfigurationList = 6C1451A429A7BBDA006606B1 /* Build configuration list for PBXProject "Project_5" */;
			compatibilityVersion = "Xcode 14.0";
			developmentRegion = en;
			hasScannedForEncodings = 0;
			knownRegions = (
				en,
				Base,
			);
			mainGroup = 6C1451A029A7BBDA006606B1;
			productRefGroup = 6C1451AA29A7BBDA006606B1 /* Products */;
			projectDirPath = "";
			projectRoot = "";
			targets = (
				6C1451A829A7BBDA006606B1 /* Project_5 */,
			);
		};
/* End PBXProject section */

/* Begin PBXResourcesBuildPhase section */
		6C1451A729A7BBDA006606B1 /* Resources */ = {
			isa = PBXResourcesBuildPhase;
			buildActionMask = 2147483647;
			files = (
				6C1451B929A7BBDC006606B1 /* LaunchScreen.storyboard in Resources */,
				6C1451B629A7BBDC006606B1 /* Assets.xcassets in Resources */,
				6C1451B429A7BBDA006606B1 /* Project.storyboard in Resources */,
			);
			runOnlyForDeploymentPostprocessing = 0;
		};
/* End PBXResourcesBuildPhase section */

/* Begin PBXShellScriptBuildPhase section */
		070D5356A76027FE4F6C782F /* [CP] Check Pods Manifest.lock */ = {
			isa = PBXShellScriptBuildPhase;
			buildActionMask = 2147483647;
			files = (
			);
			inputFileListPaths = (
			);
			inputPaths = (
				"${PODS_PODFILE_DIR_PATH}/Podfile.lock",
				"${PODS_ROOT}/Manifest.lock",
			);
			name = "[CP] Check Pods Manifest.lock";
			outputFileListPaths = (
			);
			outputPaths = (
				"$(DERIVED_FILE_DIR)/Pods-Project_5-checkManifestLockResult.txt",
			);
			runOnlyForDeploymentPostprocessing = 0;
			shellPath = /bin/sh;
			shellScript = "diff \"${PODS_PODFILE_DIR_PATH}/Podfile.lock\" \"${PODS_ROOT}/Manifest.lock\" > /dev/null\nif [ $? != 0 ] ; then\n    # print error to STDERR\n    echo \"error: The sandbox is not in sync with the Podfile.lock. Run 'pod install' or update your CocoaPods installation.\" >&2\n    exit 1\nfi\n# This output is used by Xcode 'outputs' to avoid re-running this script phase.\necho \"SUCCESS\" > \"${SCRIPT_OUTPUT_FILE_0}\"\n";
			showEnvVarsInLog = 0;
		};
		4AF76CB371684F36EB6042C8 /* [CP] Embed Pods Frameworks */ = {
			isa = PBXShellScriptBuildPhase;
			buildActionMask = 2147483647;
			files = (
			);
			inputFileListPaths = (
				"${PODS_ROOT}/Target Support Files/Pods-Project_5/Pods-Project_5-frameworks-${CONFIGURATION}-input-files.xcfilelist",
			);
			name = "[CP] Embed Pods Frameworks";
			outputFileListPaths = (
				"${PODS_ROOT}/Target Support Files/Pods-Project_5/Pods-Project_5-frameworks-${CONFIGURATION}-output-files.xcfilelist",
			);
			runOnlyForDeploymentPostprocessing = 0;
			shellPath = /bin/sh;
			shellScript = "\"${PODS_ROOT}/Target Support Files/Pods-Project_5/Pods-Project_5-frameworks.sh\"\n";
			showEnvVarsInLog = 0;
		};
/* End PBXShellScriptBuildPhase section */

/* Begin PBXSourcesBuildPhase section */
		6C1451A529A7BBDA006606B1 /* Sources */ = {
			isa = PBXSourcesBuildPhase;
			buildActionMask = 2147483647;
			files = (
				6C1451B129A7BBDA006606B1 /* ViewController.swift in Sources */,
				6C1451AD29A7BBDA006606B1 /* AppDelegate.swift in Sources */,
				6C1451AF29A7BBDA006606B1 /* SceneDelegate.swift in Sources */,
			);
			runOnlyForDeploymentPostprocessing = 0;
		};
/* End PBXSourcesBuildPhase section */

/* Begin PBXVariantGroup section */
		6C1451B229A7BBDA006606B1 /* Project.storyboard */ = {
			isa = PBXVariantGroup;
			children = (
				6C1451B329A7BBDA006606B1 /* Base */,
			);
			name = Project.storyboard;
			sourceTree = "<group>";
		};
		6C1451B729A7BBDC006606B1 /* LaunchScreen.storyboard */ = {
			isa = PBXVariantGroup;
			children = (
				6C1451B829A7BBDC006606B1 /* Base */,
			);
			name = LaunchScreen.storyboard;
			sourceTree = "<group>";
		};
/* End PBXVariantGroup section */

/* Begin XCBuildConfiguration section */
		6C1451BB29A7BBDC006606B1 /* Debug */ = {
			isa = XCBuildConfiguration;
			buildSettings = {
				ALWAYS_SEARCH_USER_PATHS = NO;
				CLANG_ANALYZER_NONNULL = YES;
				CLANG_ANALYZER_NUMBER_OBJECT_CONVERSION = YES_AGGRESSIVE;
				CLANG_CXX_LANGUAGE_STANDARD = "gnu++20";
				CLANG_ENABLE_MODULES = YES;
				CLANG_ENABLE_OBJC_ARC = YES;
				CLANG_ENABLE_OBJC_WEAK = YES;
				CLANG_WARN_BLOCK_CAPTURE_AUTORELEASING = YES;
				CLANG_WARN_BOOL_CONVERSION = YES;
				CLANG_WARN_COMMA = YES;
				CLANG_WARN_CONSTANT_CONVERSION = YES;
				CLANG_WARN_DEPRECATED_OBJC_IMPLEMENTATIONS = YES;
				CLANG_WARN_DIRECT_OBJC_ISA_USAGE = YES_ERROR;
				CLANG_WARN_DOCUMENTATION_COMMENTS = YES;
				CLANG_WARN_EMPTY_BODY = YES;
				CLANG_WARN_ENUM_CONVERSION = YES;
				CLANG_WARN_INFINITE_RECURSION = YES;
				CLANG_WARN_INT_CONVERSION = YES;
				CLANG_WARN_NON_LITERAL_NULL_CONVERSION = YES;
				CLANG_WARN_OBJC_IMPLICIT_RETAIN_SELF = YES;
				CLANG_WARN_OBJC_LITERAL_CONVERSION = YES;
				CLANG_WARN_OBJC_ROOT_CLASS = YES_ERROR;
				CLANG_WARN_QUOTED_INCLUDE_IN_FRAMEWORK_HEADER = YES;
				CLANG_WARN_RANGE_LOOP_ANALYSIS = YES;
				CLANG_WARN_STRICT_PROTOTYPES = YES;
				CLANG_WARN_SUSPICIOUS_MOVE = YES;
				CLANG_WARN_UNGUARDED_AVAILABILITY = YES_AGGRESSIVE;
				CLANG_WARN_UNREACHABLE_CODE = YES;
				CLANG_WARN__DUPLICATE_METHOD_MATCH = YES;
				COPY_PHASE_STRIP = NO;
				DEBUG_INFORMATION_FORMAT = dwarf;
				ENABLE_STRICT_OBJC_MSGSEND = YES;
				ENABLE_TESTABILITY = YES;
				GCC_C_LANGUAGE_STANDARD = gnu11;
				GCC_DYNAMIC_NO_PIC = NO;
				GCC_NO_COMMON_BLOCKS = YES;
				GCC_OPTIMIZATION_LEVEL = 0;
				GCC_PREPROCESSOR_DEFINITIONS = (
					"DEBUG=1",
					"$(inherited)",
				);
				GCC_WARN_64_TO_32_BIT_CONVERSION = YES;
				GCC_WARN_ABOUT_RETURN_TYPE = YES_ERROR;
				GCC_WARN_UNDECLARED_SELECTOR = YES;
				GCC_WARN_UNINITIALIZED_AUTOS = YES_AGGRESSIVE;
				GCC_WARN_UNUSED_FUNCTION = YES;
				GCC_WARN_UNUSED_VARIABLE = YES;
				IPHONEOS_DEPLOYMENT_TARGET = 16.2;
				MTL_ENABLE_DEBUG_INFO = INCLUDE_SOURCE;
				MTL_FAST_MATH = YES;
				ONLY_ACTIVE_ARCH = YES;
				SDKROOT = iphoneos;
				SWIFT_ACTIVE_COMPILATION_CONDITIONS = DEBUG;
				SWIFT_OPTIMIZATION_LEVEL = "-Onone";
			};
			name = Debug;
		};
		6C1451BC29A7BBDC006606B1 /* Release */ = {
			isa = XCBuildConfiguration;
			buildSettings = {
				ALWAYS_SEARCH_USER_PATHS = NO;
				CLANG_ANALYZER_NONNULL = YES;
				CLANG_ANALYZER_NUMBER_OBJECT_CONVERSION = YES_AGGRESSIVE;
				CLANG_CXX_LANGUAGE_STANDARD = "gnu++20";
				CLANG_ENABLE_MODULES = YES;
				CLANG_ENABLE_OBJC_ARC = YES;
				CLANG_ENABLE_OBJC_WEAK = YES;
				CLANG_WARN_BLOCK_CAPTURE_AUTORELEASING = YES;
				CLANG_WARN_BOOL_CONVERSION = YES;
				CLANG_WARN_COMMA = YES;
				CLANG_WARN_CONSTANT_CONVERSION = YES;
				CLANG_WARN_DEPRECATED_OBJC_IMPLEMENTATIONS = YES;
				CLANG_WARN_DIRECT_OBJC_ISA_USAGE = YES_ERROR;
				CLANG_WARN_DOCUMENTATION_COMMENTS = YES;
				CLANG_WARN_EMPTY_BODY = YES;
				CLANG_WARN_ENUM_CONVERSION = YES;
				CLANG_WARN_INFINITE_RECURSION = YES;
				CLANG_WARN_INT_CONVERSION = YES;
				CLANG_WARN_NON_LITERAL_NULL_CONVERSION = YES;
				CLANG_WARN_OBJC_IMPLICIT_RETAIN_SELF = YES;
				CLANG_WARN_OBJC_LITERAL_CONVERSION = YES;
				CLANG_WARN_OBJC_ROOT_CLASS = YES_ERROR;
				CLANG_WARN_QUOTED_INCLUDE_IN_FRAMEWORK_HEADER = YES;
				CLANG_WARN_RANGE_LOOP_ANALYSIS = YES;
				CLANG_WARN_STRICT_PROTOTYPES = YES;
				CLANG_WARN_SUSPICIOUS_MOVE = YES;
				CLANG_WARN_UNGUARDED_AVAILABILITY = YES_AGGRESSIVE;
				CLANG_WARN_UNREACHABLE_CODE = YES;
				CLANG_WARN__DUPLICATE_METHOD_MATCH = YES;
				COPY_PHASE_STRIP = NO;
				DEBUG_INFORMATION_FORMAT = "dwarf-with-dsym";
				ENABLE_NS_ASSERTIONS = NO;
				ENABLE_STRICT_OBJC_MSGSEND = YES;
				GCC_C_LANGUAGE_STANDARD = gnu11;
				GCC_NO_COMMON_BLOCKS = YES;
				GCC_WARN_64_TO_32_BIT_CONVERSION = YES;
				GCC_WARN_ABOUT_RETURN_TYPE = YES_ERROR;
				GCC_WARN_UNDECLARED_SELECTOR = YES;
				GCC_WARN_UNINITIALIZED_AUTOS = YES_AGGRESSIVE;
				GCC_WARN_UNUSED_FUNCTION = YES;
				GCC_WARN_UNUSED_VARIABLE = YES;
				IPHONEOS_DEPLOYMENT_TARGET = 16.2;
				MTL_ENABLE_DEBUG_INFO = NO;
				MTL_FAST_MATH = YES;
				SDKROOT = iphoneos;
				SWIFT_COMPILATION_MODE = wholemodule;
				SWIFT_OPTIMIZATION_LEVEL = "-O";
				VALIDATE_PRODUCT = YES;
			};
			name = Release;
		};
		6C1451BE29A7BBDC006606B1 /* Debug */ = {
			isa = XCBuildConfiguration;
			baseConfigurationReference = 955DB9CAC481F714DD91A8E7 /* Pods-Project_5.debug.xcconfig */;
			buildSettings = {
				ASSETCATALOG_COMPILER_APPICON_NAME = AppIcon;
				ASSETCATALOG_COMPILER_GLOBAL_ACCENT_COLOR_NAME = AccentColor;
				CODE_SIGN_STYLE = Automatic;
				CURRENT_PROJECT_VERSION = 1;
				DEVELOPMENT_TEAM = X3VVWK6698;
				GENERATE_INFOPLIST_FILE = YES;
				INFOPLIST_FILE = Project_5/Resorses/Info.plist;
				INFOPLIST_KEY_UIApplicationSupportsIndirectInputEvents = YES;
				INFOPLIST_KEY_UILaunchStoryboardName = LaunchScreen.storyboard;
				INFOPLIST_KEY_UIMainStoryboardFile = Project;
				INFOPLIST_KEY_UISupportedInterfaceOrientations_iPad = "UIInterfaceOrientationPortrait UIInterfaceOrientationPortraitUpsideDown UIInterfaceOrientationLandscapeLeft UIInterfaceOrientationLandscapeRight";
				INFOPLIST_KEY_UISupportedInterfaceOrientations_iPhone = "UIInterfaceOrientationPortrait UIInterfaceOrientationLandscapeLeft UIInterfaceOrientationLandscapeRight";
				LD_RUNPATH_SEARCH_PATHS = (
					"$(inherited)",
					"@executable_path/Frameworks",
				);
				MARKETING_VERSION = 1.0;
				PRODUCT_BUNDLE_IDENTIFIER = "com.DigiSoft.Project-5";
				PRODUCT_NAME = "$(TARGET_NAME)";
				SUPPORTED_PLATFORMS = "iphoneos iphonesimulator";
				SUPPORTS_MACCATALYST = NO;
				SUPPORTS_MAC_DESIGNED_FOR_IPHONE_IPAD = NO;
				SWIFT_EMIT_LOC_STRINGS = YES;
				SWIFT_VERSION = 5.0;
				TARGETED_DEVICE_FAMILY = 1;
			};
			name = Debug;
		};
		6C1451BF29A7BBDC006606B1 /* Release */ = {
			isa = XCBuildConfiguration;
			baseConfigurationReference = FB1AB6015BD313D959E1E0D0 /* Pods-Project_5.release.xcconfig */;
			buildSettings = {
				ASSETCATALOG_COMPILER_APPICON_NAME = AppIcon;
				ASSETCATALOG_COMPILER_GLOBAL_ACCENT_COLOR_NAME = AccentColor;
				CODE_SIGN_STYLE = Automatic;
				CURRENT_PROJECT_VERSION = 1;
				DEVELOPMENT_TEAM = X3VVWK6698;
				GENERATE_INFOPLIST_FILE = YES;
				INFOPLIST_FILE = Project_5/Resorses/Info.plist;
				INFOPLIST_KEY_UIApplicationSupportsIndirectInputEvents = YES;
				INFOPLIST_KEY_UILaunchStoryboardName = LaunchScreen.storyboard;
				INFOPLIST_KEY_UIMainStoryboardFile = Project;
				INFOPLIST_KEY_UISupportedInterfaceOrientations_iPad = "UIInterfaceOrientationPortrait UIInterfaceOrientationPortraitUpsideDown UIInterfaceOrientationLandscapeLeft UIInterfaceOrientationLandscapeRight";
				INFOPLIST_KEY_UISupportedInterfaceOrientations_iPhone = "UIInterfaceOrientationPortrait UIInterfaceOrientationLandscapeLeft UIInterfaceOrientationLandscapeRight";
				LD_RUNPATH_SEARCH_PATHS = (
					"$(inherited)",
					"@executable_path/Frameworks",
				);
				MARKETING_VERSION = 1.0;
				PRODUCT_BUNDLE_IDENTIFIER = "com.DigiSoft.Project-5";
				PRODUCT_NAME = "$(TARGET_NAME)";
				SUPPORTED_PLATFORMS = "iphoneos iphonesimulator";
				SUPPORTS_MACCATALYST = NO;
				SUPPORTS_MAC_DESIGNED_FOR_IPHONE_IPAD = NO;
				SWIFT_EMIT_LOC_STRINGS = YES;
				SWIFT_VERSION = 5.0;
				TARGETED_DEVICE_FAMILY = 1;
			};
			name = Release;
		};
/* End XCBuildConfiguration section */

/* Begin XCConfigurationList section */
		6C1451A429A7BBDA006606B1 /* Build configuration list for PBXProject "Project_5" */ = {
			isa = XCConfigurationList;
			buildConfigurations = (
				6C1451BB29A7BBDC006606B1 /* Debug */,
				6C1451BC29A7BBDC006606B1 /* Release */,
			);
			defaultConfigurationIsVisible = 0;
			defaultConfigurationName = Release;
		};
		6C1451BD29A7BBDC006606B1 /* Build configuration list for PBXNativeTarget "Project_5" */ = {
			isa = XCConfigurationList;
			buildConfigurations = (
				6C1451BE29A7BBDC006606B1 /* Debug */,
				6C1451BF29A7BBDC006606B1 /* Release */,
			);
			defaultConfigurationIsVisible = 0;
			defaultConfigurationName = Release;
		};
/* End XCConfigurationList section */
	};
	rootObject = 6C1451A129A7BBDA006606B1 /* Project object */;
}
